{
  "requires": true,
  "lockfileVersion": 1,
  "dependencies": {
    "react-hook-form": {
      "version": "6.15.4",
      "resolved": "https://registry.npmjs.org/react-hook-form/-/react-hook-form-6.15.4.tgz",
      "integrity": "sha512-K+Sw33DtTMengs8OdqFJI3glzNl1wBzSefD/ksQw/hJf9CnOHQAU6qy82eOrh0IRNt2G53sjr7qnnw1JDjvx1w=="
    }
  }
}
